
Microsoft Visual Studio Solution File, Format Version 12.00
# Visual Studio Version 17
VisualStudioVersion = 17.6.33829.357
MinimumVisualStudioVersion = 10.0.40219.1
Project("{888888A0-9F3D-457C-B088-3A5042F75D52}") = "NEA1", "NEA1\NEA1.pyproj", "{AF9FEB7D-78DF-40CD-A9C0-2F274CE9AFBE}"
EndProject
Global
	GlobalSection(SolutionConfigurationPlatforms) = preSolution
		Debug|Any CPU = Debug|Any CPU
		Release|Any CPU = Release|Any CPU
	EndGlobalSection
	GlobalSection(ProjectConfigurationPlatforms) = postSolution
		{AF9FEB7D-78DF-40CD-A9C0-2F274CE9AFBE}.Debug|Any CPU.ActiveCfg = Debug|Any CPU
		{AF9FEB7D-78DF-40CD-A9C0-2F274CE9AFBE}.Release|Any CPU.ActiveCfg = Release|Any CPU
	EndGlobalSection
	GlobalSection(SolutionProperties) = preSolution
		HideSolutionNode = FALSE
	EndGlobalSection
	GlobalSection(ExtensibilityGlobals) = postSolution
		SolutionGuid = {622E12A9-2E11-46F1-8867-70AD88AB917E}
	EndGlobalSection
EndGlobal
